
Microsoft Visual Studio Solution File, Format Version 12.00
# Visual Studio Version 17
VisualStudioVersion = 17.0.32014.148
MinimumVisualStudioVersion = 10.0.40219.1
Project("{8BC9CEB8-8B4A-11D0-8D11-00A0C91BC942}") = "ConsoleApplication1", "ConsoleApplication1\ConsoleApplication1.vcxproj", "{6B7FA350-3B66-40A0-86DA-49C57CA5047E}"
EndProject
Global
	GlobalSection(SolutionConfigurationPlatforms) = preSolution
		Debug|x64 = Debug|x64
		Debug|x86 = Debug|x86
		Release|x64 = Release|x64
		Release|x86 = Release|x86
	EndGlobalSection
	GlobalSection(ProjectConfigurationPlatforms) = postSolution
		{6B7FA350-3B66-40A0-86DA-49C57CA5047E}.Debug|x64.ActiveCfg = Debug|x64
		{6B7FA350-3B66-40A0-86DA-49C57CA5047E}.Debug|x64.Build.0 = Debug|x64
		{6B7FA350-3B66-40A0-86DA-49C57CA5047E}.Debug|x86.ActiveCfg = Debug|Win32
		{6B7FA350-3B66-40A0-86DA-49C57CA5047E}.Debug|x86.Build.0 = Debug|Win32
		{6B7FA350-3B66-40A0-86DA-49C57CA5047E}.Release|x64.ActiveCfg = Release|x64
		{6B7FA350-3B66-40A0-86DA-49C57CA5047E}.Release|x64.Build.0 = Release|x64
		{6B7FA350-3B66-40A0-86DA-49C57CA5047E}.Release|x86.ActiveCfg = Release|Win32
		{6B7FA350-3B66-40A0-86DA-49C57CA5047E}.Release|x86.Build.0 = Release|Win32
	EndGlobalSection
	GlobalSection(SolutionProperties) = preSolution
		HideSolutionNode = FALSE
	EndGlobalSection
	GlobalSection(ExtensibilityGlobals) = postSolution
		SolutionGuid = {66309F12-6EA4-46A5-82E3-56DB9B5BA286}
	EndGlobalSection
EndGlobal
